// !$*UTF8*$!
{
	archiveVersion = 1;
	classes = {
	};
	objectVersion = 46;
	objects = {

/* Begin PBXBuildFile section */
		1619A06F19B44A4500299075 /* main.c in Sources */ = {isa = PBXBuildFile; fileRef = 1619A06E19B44A4500299075 /* main.c */; };
		1619A07119B44A4500299075 /* _3____.1 in CopyFiles */ = {isa = PBXBuildFile; fileRef = 1619A07019B44A4500299075 /* _3____.1 */; };
/* End PBXBuildFile section */

/* Begin PBXCopyFilesBuildPhase section */
		1619A06919B44A4500299075 /* CopyFiles */ = {
			isa = PBXCopyFilesBuildPhase;
			buildActionMask = 2147483647;
			dstPath = /usr/share/man/man1/;
			dstSubfolderSpec = 0;
			files = (
				1619A07119B44A4500299075 /* _3____.1 in CopyFiles */,
			);
			runOnlyForDeploymentPostprocessing = 1;
		};
/* End PBXCopyFilesBuildPhase section */

/* Begin PBXFileReference section */
		1619A06B19B44A4500299075 /* 03-标识符 */ = {isa = PBXFileReference; explicitFileType = "compiled.mach-o.executable"; includeInIndex = 0; path = "03-标识符"; sourceTree = BUILT_PRODUCTS_DIR; };
		1619A06E19B44A4500299075 /* main.c */ = {isa = PBXFileReference; lastKnownFileType = sourcecode.c.c; path = main.c; sourceTree = "<group>"; };
		1619A07019B44A4500299075 /* _3____.1 */ = {isa = PBXFileReference; lastKnownFileType = text.man; path = "_3____.1"; sourceTree = "<group>"; };
/* End PBXFileReference section */

/* Begin PBXFrameworksBuildPhase section */
		1619A06819B44A4500299075 /* Frameworks */ = {
			isa = PBXFrameworksBuildPhase;
			buildActionMask = 2147483647;
			files = (
			);
			runOnlyForDeploymentPostprocessing = 0;
		};
/* End PBXFrameworksBuildPhase section */

/* Begin PBXGroup section */
		1619A06219B44A4500299075 = {
			isa = PBXGroup;
			children = (
				1619A06D19B44A4500299075 /* 03-标识符 */,
				1619A06C19B44A4500299075 /* Products */,
			);
			sourceTree = "<group>";
		};
		1619A06C19B44A4500299075 /* Products */ = {
			isa = PBXGroup;
			children = (
				1619A06B19B44A4500299075 /* 03-标识符 */,
			);
			name = Products;
			sourceTree = "<group>";
		};
		1619A06D19B44A4500299075 /* 03-标识符 */ = {
			isa = PBXGroup;
			children = (
				1619A06E19B44A4500299075 /* main.c */,
				1619A07019B44A4500299075 /* _3____.1 */,
			);
			path = "03-标识符";
			sourceTree = "<group>";
		};
/* End PBXGroup section */

/* Begin PBXNativeTarget section */
		1619A06A19B44A4500299075 /* 03-标识符 */ = {
			isa = PBXNativeTarget;
			buildConfigurationList = 1619A07419B44A4500299075 /* Build configuration list for PBXNativeTarget "03-标识符" */;
			buildPhases = (
				1619A06719B44A4500299075 /* Sources */,
				1619A06819B44A4500299075 /* Frameworks */,
				1619A06919B44A4500299075 /* CopyFiles */,
			);
			buildRules = (
			);
			dependencies = (
			);
			name = "03-标识符";
			productName = "03-标识符";
			productReference = 1619A06B19B44A4500299075 /* 03-标识符 */;
			productType = "com.apple.product-type.tool";
		};
/* End PBXNativeTarget section */

/* Begin PBXProject section */
		1619A06319B44A4500299075 /* Project object */ = {
			isa = PBXProject;
			attributes = {
				LastUpgradeCheck = 0510;
				ORGANIZATIONNAME = zb737472783;
			};
			buildConfigurationList = 1619A06619B44A4500299075 /* Build configuration list for PBXProject "03-标识符" */;
			compatibilityVersion = "Xcode 3.2";
			developmentRegion = English;
			hasScannedForEncodings = 0;
			knownRegions = (
				en,
			);
			mainGroup = 1619A06219B44A4500299075;
			productRefGroup = 1619A06C19B44A4500299075 /* Products */;
			projectDirPath = "";
			projectRoot = "";
			targets = (
				1619A06A19B44A4500299075 /* 03-标识符 */,
			);
		};
/* End PBXProject section */

/* Begin PBXSourcesBuildPhase section */
		1619A06719B44A4500299075 /* Sources */ = {
			isa = PBXSourcesBuildPhase;
			buildActionMask = 2147483647;
			files = (
				1619A06F19B44A4500299075 /* main.c in Sources */,
			);
			runOnlyForDeploymentPostprocessing = 0;
		};
/* End PBXSourcesBuildPhase section */

/* Begin XCBuildConfiguration section */
		1619A07219B44A4500299075 /* Debug */ = {
			isa = XCBuildConfiguration;
			buildSettings = {
				ALWAYS_SEARCH_USER_PATHS = NO;
				CLANG_CXX_LANGUAGE_STANDARD = "gnu++0x";
				CLANG_CXX_LIBRARY = "libc++";
				CLANG_ENABLE_MODULES = YES;
				CLANG_ENABLE_OBJC_ARC = YES;
				CLANG_WARN_BOOL_CONVERSION = YES;
				CLANG_WARN_CONSTANT_CONVERSION = YES;
				CLANG_WARN_DIRECT_OBJC_ISA_USAGE = YES_ERROR;
				CLANG_WARN_EMPTY_BODY = YES;
				CLANG_WARN_ENUM_CONVERSION = YES;
				CLANG_WARN_INT_CONVERSION = YES;
				CLANG_WARN_OBJC_ROOT_CLASS = YES_ERROR;
				CLANG_WARN__DUPLICATE_METHOD_MATCH = YES;
				COPY_PHASE_STRIP = NO;
				GCC_C_LANGUAGE_STANDARD = gnu99;
				GCC_DYNAMIC_NO_PIC = NO;
				GCC_ENABLE_OBJC_EXCEPTIONS = YES;
				GCC_OPTIMIZATION_LEVEL = 0;
				GCC_PREPROCESSOR_DEFINITIONS = (
					"DEBUG=1",
					"$(inherited)",
				);
				GCC_SYMBOLS_PRIVATE_EXTERN = NO;
				GCC_WARN_64_TO_32_BIT_CONVERSION = YES;
				GCC_WARN_ABOUT_RETURN_TYPE = YES_ERROR;
				GCC_WARN_UNDECLARED_SELECTOR = YES;
				GCC_WARN_UNINITIALIZED_AUTOS = YES_AGGRESSIVE;
				GCC_WARN_UNUSED_FUNCTION = YES;
				GCC_WARN_UNUSED_VARIABLE = YES;
				MACOSX_DEPLOYMENT_TARGET = 10.9;
				ONLY_ACTIVE_ARCH = YES;
				SDKROOT = macosx;
			};
			name = Debug;
		};
		1619A07319B44A4500299075 /* Release */ = {
			isa = XCBuildConfiguration;
			buildSettings = {
				ALWAYS_SEARCH_USER_PATHS = NO;
				CLANG_CXX_LANGUAGE_STANDARD = "gnu++0x";
				CLANG_CXX_LIBRARY = "libc++";
				CLANG_ENABLE_MODULES = YES;
				CLANG_ENABLE_OBJC_ARC = YES;
				CLANG_WARN_BOOL_CONVERSION = YES;
				CLANG_WARN_CONSTANT_CONVERSION = YES;
				CLANG_WARN_DIRECT_OBJC_ISA_USAGE = YES_ERROR;
				CLANG_WARN_EMPTY_BODY = YES;
				CLANG_WARN_ENUM_CONVERSION = YES;
				CLANG_WARN_INT_CONVERSION = YES;
				CLANG_WARN_OBJC_ROOT_CLASS = YES_ERROR;
				CLANG_WARN__DUPLICATE_METHOD_MATCH = YES;
				COPY_PHASE_STRIP = YES;
				DEBUG_INFORMATION_FORMAT = "dwarf-with-dsym";
				ENABLE_NS_ASSERTIONS = NO;
				GCC_C_LANGUAGE_STANDARD = gnu99;
				GCC_ENABLE_OBJC_EXCEPTIONS = YES;
				GCC_WARN_64_TO_32_BIT_CONVERSION = YES;
				GCC_WARN_ABOUT_RETURN_TYPE = YES_ERROR;
				GCC_WARN_UNDECLARED_SELECTOR = YES;
				GCC_WARN_UNINITIALIZED_AUTOS = YES_AGGRESSIVE;
				GCC_WARN_UNUSED_FUNCTION = YES;
				GCC_WARN_UNUSED_VARIABLE = YES;
				MACOSX_DEPLOYMENT_TARGET = 10.9;
				SDKROOT = macosx;
			};
			name = Release;
		};
		1619A07519B44A4500299075 /* Debug */ = {
			isa = XCBuildConfiguration;
			buildSettings = {
				PRODUCT_NAME = "$(TARGET_NAME)";
			};
			name = Debug;
		};
		1619A07619B44A4500299075 /* Release */ = {
			isa = XCBuildConfiguration;
			buildSettings = {
				PRODUCT_NAME = "$(TARGET_NAME)";
			};
			name = Release;
		};
/* End XCBuildConfiguration section */

/* Begin XCConfigurationList section */
		1619A06619B44A4500299075 /* Build configuration list for PBXProject "03-标识符" */ = {
			isa = XCConfigurationList;
			buildConfigurations = (
				1619A07219B44A4500299075 /* Debug */,
				1619A07319B44A4500299075 /* Release */,
			);
			defaultConfigurationIsVisible = 0;
			defaultConfigurationName = Release;
		};
		1619A07419B44A4500299075 /* Build configuration list for PBXNativeTarget "03-标识符" */ = {
			isa = XCConfigurationList;
			buildConfigurations = (
				1619A07519B44A4500299075 /* Debug */,
				1619A07619B44A4500299075 /* Release */,
			);
			defaultConfigurationIsVisible = 0;
		};
/* End XCConfigurationList section */
	};
	rootObject = 1619A06319B44A4500299075 /* Project object */;
}
