// !$*UTF8*$!
{
	archiveVersion = 1;
	classes = {
	};
	objectVersion = 46;
	objects = {

/* Begin PBXBuildFile section */
		163257AB1AE33CFD008F687A /* main.m in Sources */ = {isa = PBXBuildFile; fileRef = 163257AA1AE33CFD008F687A /* main.m */; };
		163257B31AE34641008F687A /* MyObject.m in Sources */ = {isa = PBXBuildFile; fileRef = 163257B21AE34641008F687A /* MyObject.m */; };
		163257B51AE3525B008F687A /* GNUstep_alloc.m in Sources */ = {isa = PBXBuildFile; fileRef = 163257B41AE3525B008F687A /* GNUstep_alloc.m */; };
		163257B71AE35B25008F687A /* GNUstep_retainCount.m in Sources */ = {isa = PBXBuildFile; fileRef = 163257B61AE35B25008F687A /* GNUstep_retainCount.m */; };
		163257B91AE36D6B008F687A /* GNUstep_retain.m in Sources */ = {isa = PBXBuildFile; fileRef = 163257B81AE36D6B008F687A /* GNUstep_retain.m */; };
		163257BB1AE37197008F687A /* GNUstep_release.m in Sources */ = {isa = PBXBuildFile; fileRef = 163257BA1AE37197008F687A /* GNUstep_release.m */; };
		163257BD1AE381E0008F687A /* NSAutoreleasePool.m in Sources */ = {isa = PBXBuildFile; fileRef = 163257BC1AE381E0008F687A /* NSAutoreleasePool.m */; };
		163257BF1AE388DF008F687A /* GUNstep_autorelease.m in Sources */ = {isa = PBXBuildFile; fileRef = 163257BE1AE388DF008F687A /* GUNstep_autorelease.m */; };
		163257C11AE38EBC008F687A /* GUNstep_NSAutoreleasePool.m in Sources */ = {isa = PBXBuildFile; fileRef = 163257C01AE38EBC008F687A /* GUNstep_NSAutoreleasePool.m */; };
/* End PBXBuildFile section */

/* Begin PBXCopyFilesBuildPhase section */
		163257A51AE33CFD008F687A /* CopyFiles */ = {
			isa = PBXCopyFilesBuildPhase;
			buildActionMask = 2147483647;
			dstPath = /usr/share/man/man1/;
			dstSubfolderSpec = 0;
			files = (
			);
			runOnlyForDeploymentPostprocessing = 1;
		};
/* End PBXCopyFilesBuildPhase section */

/* Begin PBXFileReference section */
		163257A71AE33CFD008F687A /* 第一章 自动引用计数 */ = {isa = PBXFileReference; explicitFileType = "compiled.mach-o.executable"; includeInIndex = 0; path = "第一章 自动引用计数"; sourceTree = BUILT_PRODUCTS_DIR; };
		163257AA1AE33CFD008F687A /* main.m */ = {isa = PBXFileReference; lastKnownFileType = sourcecode.c.objc; path = main.m; sourceTree = "<group>"; };
		163257B11AE34641008F687A /* MyObject.h */ = {isa = PBXFileReference; fileEncoding = 4; lastKnownFileType = sourcecode.c.h; path = MyObject.h; sourceTree = "<group>"; };
		163257B21AE34641008F687A /* MyObject.m */ = {isa = PBXFileReference; fileEncoding = 4; lastKnownFileType = sourcecode.c.objc; path = MyObject.m; sourceTree = "<group>"; };
		163257B41AE3525B008F687A /* GNUstep_alloc.m */ = {isa = PBXFileReference; fileEncoding = 4; lastKnownFileType = sourcecode.c.objc; path = GNUstep_alloc.m; sourceTree = "<group>"; };
		163257B61AE35B25008F687A /* GNUstep_retainCount.m */ = {isa = PBXFileReference; fileEncoding = 4; lastKnownFileType = sourcecode.c.objc; path = GNUstep_retainCount.m; sourceTree = "<group>"; };
		163257B81AE36D6B008F687A /* GNUstep_retain.m */ = {isa = PBXFileReference; fileEncoding = 4; lastKnownFileType = sourcecode.c.objc; path = GNUstep_retain.m; sourceTree = "<group>"; };
		163257BA1AE37197008F687A /* GNUstep_release.m */ = {isa = PBXFileReference; fileEncoding = 4; lastKnownFileType = sourcecode.c.objc; path = GNUstep_release.m; sourceTree = "<group>"; };
		163257BC1AE381E0008F687A /* NSAutoreleasePool.m */ = {isa = PBXFileReference; fileEncoding = 4; lastKnownFileType = sourcecode.c.objc; path = NSAutoreleasePool.m; sourceTree = "<group>"; };
		163257BE1AE388DF008F687A /* GUNstep_autorelease.m */ = {isa = PBXFileReference; fileEncoding = 4; lastKnownFileType = sourcecode.c.objc; path = GUNstep_autorelease.m; sourceTree = "<group>"; };
		163257C01AE38EBC008F687A /* GUNstep_NSAutoreleasePool.m */ = {isa = PBXFileReference; fileEncoding = 4; lastKnownFileType = sourcecode.c.objc; path = GUNstep_NSAutoreleasePool.m; sourceTree = "<group>"; };
/* End PBXFileReference section */

/* Begin PBXFrameworksBuildPhase section */
		163257A41AE33CFD008F687A /* Frameworks */ = {
			isa = PBXFrameworksBuildPhase;
			buildActionMask = 2147483647;
			files = (
			);
			runOnlyForDeploymentPostprocessing = 0;
		};
/* End PBXFrameworksBuildPhase section */

/* Begin PBXGroup section */
		1632579E1AE33CFD008F687A = {
			isa = PBXGroup;
			children = (
				163257A91AE33CFD008F687A /* 第一章 自动引用计数 */,
				163257A81AE33CFD008F687A /* Products */,
			);
			sourceTree = "<group>";
		};
		163257A81AE33CFD008F687A /* Products */ = {
			isa = PBXGroup;
			children = (
				163257A71AE33CFD008F687A /* 第一章 自动引用计数 */,
			);
			name = Products;
			sourceTree = "<group>";
		};
		163257A91AE33CFD008F687A /* 第一章 自动引用计数 */ = {
			isa = PBXGroup;
			children = (
				163257AA1AE33CFD008F687A /* main.m */,
				163257B41AE3525B008F687A /* GNUstep_alloc.m */,
				163257B11AE34641008F687A /* MyObject.h */,
				163257B21AE34641008F687A /* MyObject.m */,
				163257B61AE35B25008F687A /* GNUstep_retainCount.m */,
				163257B81AE36D6B008F687A /* GNUstep_retain.m */,
				163257BA1AE37197008F687A /* GNUstep_release.m */,
				163257BC1AE381E0008F687A /* NSAutoreleasePool.m */,
				163257BE1AE388DF008F687A /* GUNstep_autorelease.m */,
				163257C01AE38EBC008F687A /* GUNstep_NSAutoreleasePool.m */,
			);
			path = "第一章 自动引用计数";
			sourceTree = "<group>";
		};
/* End PBXGroup section */

/* Begin PBXNativeTarget section */
		163257A61AE33CFD008F687A /* 第一章 自动引用计数 */ = {
			isa = PBXNativeTarget;
			buildConfigurationList = 163257AE1AE33CFD008F687A /* Build configuration list for PBXNativeTarget "第一章 自动引用计数" */;
			buildPhases = (
				163257A31AE33CFD008F687A /* Sources */,
				163257A41AE33CFD008F687A /* Frameworks */,
				163257A51AE33CFD008F687A /* CopyFiles */,
			);
			buildRules = (
			);
			dependencies = (
			);
			name = "第一章 自动引用计数";
			productName = "第一章 自动引用计数";
			productReference = 163257A71AE33CFD008F687A /* 第一章 自动引用计数 */;
			productType = "com.apple.product-type.tool";
		};
/* End PBXNativeTarget section */

/* Begin PBXProject section */
		1632579F1AE33CFD008F687A /* Project object */ = {
			isa = PBXProject;
			attributes = {
				LastUpgradeCheck = 0630;
				ORGANIZATIONNAME = "星尘";
				TargetAttributes = {
					163257A61AE33CFD008F687A = {
						CreatedOnToolsVersion = 6.3;
					};
				};
			};
			buildConfigurationList = 163257A21AE33CFD008F687A /* Build configuration list for PBXProject "第一章 自动引用计数" */;
			compatibilityVersion = "Xcode 3.2";
			developmentRegion = English;
			hasScannedForEncodings = 0;
			knownRegions = (
				en,
			);
			mainGroup = 1632579E1AE33CFD008F687A;
			productRefGroup = 163257A81AE33CFD008F687A /* Products */;
			projectDirPath = "";
			projectRoot = "";
			targets = (
				163257A61AE33CFD008F687A /* 第一章 自动引用计数 */,
			);
		};
/* End PBXProject section */

/* Begin PBXSourcesBuildPhase section */
		163257A31AE33CFD008F687A /* Sources */ = {
			isa = PBXSourcesBuildPhase;
			buildActionMask = 2147483647;
			files = (
				163257B91AE36D6B008F687A /* GNUstep_retain.m in Sources */,
				163257C11AE38EBC008F687A /* GUNstep_NSAutoreleasePool.m in Sources */,
				163257B31AE34641008F687A /* MyObject.m in Sources */,
				163257BB1AE37197008F687A /* GNUstep_release.m in Sources */,
				163257B71AE35B25008F687A /* GNUstep_retainCount.m in Sources */,
				163257B51AE3525B008F687A /* GNUstep_alloc.m in Sources */,
				163257BD1AE381E0008F687A /* NSAutoreleasePool.m in Sources */,
				163257AB1AE33CFD008F687A /* main.m in Sources */,
				163257BF1AE388DF008F687A /* GUNstep_autorelease.m in Sources */,
			);
			runOnlyForDeploymentPostprocessing = 0;
		};
/* End PBXSourcesBuildPhase section */

/* Begin XCBuildConfiguration section */
		163257AC1AE33CFD008F687A /* Debug */ = {
			isa = XCBuildConfiguration;
			buildSettings = {
				ALWAYS_SEARCH_USER_PATHS = NO;
				CLANG_CXX_LANGUAGE_STANDARD = "gnu++0x";
				CLANG_CXX_LIBRARY = "libc++";
				CLANG_ENABLE_MODULES = YES;
				CLANG_ENABLE_OBJC_ARC = YES;
				CLANG_WARN_BOOL_CONVERSION = YES;
				CLANG_WARN_CONSTANT_CONVERSION = YES;
				CLANG_WARN_DIRECT_OBJC_ISA_USAGE = YES_ERROR;
				CLANG_WARN_EMPTY_BODY = YES;
				CLANG_WARN_ENUM_CONVERSION = YES;
				CLANG_WARN_INT_CONVERSION = YES;
				CLANG_WARN_OBJC_ROOT_CLASS = YES_ERROR;
				CLANG_WARN_UNREACHABLE_CODE = YES;
				CLANG_WARN__DUPLICATE_METHOD_MATCH = YES;
				COPY_PHASE_STRIP = NO;
				DEBUG_INFORMATION_FORMAT = dwarf;
				ENABLE_STRICT_OBJC_MSGSEND = YES;
				GCC_C_LANGUAGE_STANDARD = gnu99;
				GCC_DYNAMIC_NO_PIC = NO;
				GCC_NO_COMMON_BLOCKS = YES;
				GCC_OPTIMIZATION_LEVEL = 0;
				GCC_PREPROCESSOR_DEFINITIONS = (
					"DEBUG=1",
					"$(inherited)",
				);
				GCC_SYMBOLS_PRIVATE_EXTERN = NO;
				GCC_WARN_64_TO_32_BIT_CONVERSION = YES;
				GCC_WARN_ABOUT_RETURN_TYPE = YES_ERROR;
				GCC_WARN_UNDECLARED_SELECTOR = YES;
				GCC_WARN_UNINITIALIZED_AUTOS = YES_AGGRESSIVE;
				GCC_WARN_UNUSED_FUNCTION = YES;
				GCC_WARN_UNUSED_VARIABLE = YES;
				MACOSX_DEPLOYMENT_TARGET = 10.10;
				MTL_ENABLE_DEBUG_INFO = YES;
				ONLY_ACTIVE_ARCH = YES;
				SDKROOT = macosx;
			};
			name = Debug;
		};
		163257AD1AE33CFD008F687A /* Release */ = {
			isa = XCBuildConfiguration;
			buildSettings = {
				ALWAYS_SEARCH_USER_PATHS = NO;
				CLANG_CXX_LANGUAGE_STANDARD = "gnu++0x";
				CLANG_CXX_LIBRARY = "libc++";
				CLANG_ENABLE_MODULES = YES;
				CLANG_ENABLE_OBJC_ARC = YES;
				CLANG_WARN_BOOL_CONVERSION = YES;
				CLANG_WARN_CONSTANT_CONVERSION = YES;
				CLANG_WARN_DIRECT_OBJC_ISA_USAGE = YES_ERROR;
				CLANG_WARN_EMPTY_BODY = YES;
				CLANG_WARN_ENUM_CONVERSION = YES;
				CLANG_WARN_INT_CONVERSION = YES;
				CLANG_WARN_OBJC_ROOT_CLASS = YES_ERROR;
				CLANG_WARN_UNREACHABLE_CODE = YES;
				CLANG_WARN__DUPLICATE_METHOD_MATCH = YES;
				COPY_PHASE_STRIP = NO;
				DEBUG_INFORMATION_FORMAT = "dwarf-with-dsym";
				ENABLE_NS_ASSERTIONS = NO;
				ENABLE_STRICT_OBJC_MSGSEND = YES;
				GCC_C_LANGUAGE_STANDARD = gnu99;
				GCC_NO_COMMON_BLOCKS = YES;
				GCC_WARN_64_TO_32_BIT_CONVERSION = YES;
				GCC_WARN_ABOUT_RETURN_TYPE = YES_ERROR;
				GCC_WARN_UNDECLARED_SELECTOR = YES;
				GCC_WARN_UNINITIALIZED_AUTOS = YES_AGGRESSIVE;
				GCC_WARN_UNUSED_FUNCTION = YES;
				GCC_WARN_UNUSED_VARIABLE = YES;
				MACOSX_DEPLOYMENT_TARGET = 10.10;
				MTL_ENABLE_DEBUG_INFO = NO;
				SDKROOT = macosx;
			};
			name = Release;
		};
		163257AF1AE33CFD008F687A /* Debug */ = {
			isa = XCBuildConfiguration;
			buildSettings = {
				CLANG_ENABLE_OBJC_ARC = NO;
				CLANG_MODULES_AUTOLINK = YES;
				PRODUCT_NAME = "$(TARGET_NAME)";
			};
			name = Debug;
		};
		163257B01AE33CFD008F687A /* Release */ = {
			isa = XCBuildConfiguration;
			buildSettings = {
				CLANG_ENABLE_OBJC_ARC = NO;
				CLANG_MODULES_AUTOLINK = YES;
				PRODUCT_NAME = "$(TARGET_NAME)";
			};
			name = Release;
		};
/* End XCBuildConfiguration section */

/* Begin XCConfigurationList section */
		163257A21AE33CFD008F687A /* Build configuration list for PBXProject "第一章 自动引用计数" */ = {
			isa = XCConfigurationList;
			buildConfigurations = (
				163257AC1AE33CFD008F687A /* Debug */,
				163257AD1AE33CFD008F687A /* Release */,
			);
			defaultConfigurationIsVisible = 0;
			defaultConfigurationName = Release;
		};
		163257AE1AE33CFD008F687A /* Build configuration list for PBXNativeTarget "第一章 自动引用计数" */ = {
			isa = XCConfigurationList;
			buildConfigurations = (
				163257AF1AE33CFD008F687A /* Debug */,
				163257B01AE33CFD008F687A /* Release */,
			);
			defaultConfigurationIsVisible = 0;
		};
/* End XCConfigurationList section */
	};
	rootObject = 1632579F1AE33CFD008F687A /* Project object */;
}
