// !$*UTF8*$!
{
	archiveVersion = 1;
	classes = {
	};
	objectVersion = 46;
	objects = {

/* Begin PBXBuildFile section */
		1619A0C519B4632400299075 /* main.c in Sources */ = {isa = PBXBuildFile; fileRef = 1619A0C419B4632400299075 /* main.c */; };
		1619A0C719B4632400299075 /* _7___.1 in CopyFiles */ = {isa = PBXBuildFile; fileRef = 1619A0C619B4632400299075 /* _7___.1 */; };
/* End PBXBuildFile section */

/* Begin PBXCopyFilesBuildPhase section */
		1619A0BF19B4632400299075 /* CopyFiles */ = {
			isa = PBXCopyFilesBuildPhase;
			buildActionMask = 2147483647;
			dstPath = /usr/share/man/man1/;
			dstSubfolderSpec = 0;
			files = (
				1619A0C719B4632400299075 /* _7___.1 in CopyFiles */,
			);
			runOnlyForDeploymentPostprocessing = 1;
		};
/* End PBXCopyFilesBuildPhase section */

/* Begin PBXFileReference section */
		1619A0C119B4632400299075 /* 07-变量 */ = {isa = PBXFileReference; explicitFileType = "compiled.mach-o.executable"; includeInIndex = 0; path = "07-变量"; sourceTree = BUILT_PRODUCTS_DIR; };
		1619A0C419B4632400299075 /* main.c */ = {isa = PBXFileReference; lastKnownFileType = sourcecode.c.c; path = main.c; sourceTree = "<group>"; };
		1619A0C619B4632400299075 /* _7___.1 */ = {isa = PBXFileReference; lastKnownFileType = text.man; path = "_7___.1"; sourceTree = "<group>"; };
/* End PBXFileReference section */

/* Begin PBXFrameworksBuildPhase section */
		1619A0BE19B4632400299075 /* Frameworks */ = {
			isa = PBXFrameworksBuildPhase;
			buildActionMask = 2147483647;
			files = (
			);
			runOnlyForDeploymentPostprocessing = 0;
		};
/* End PBXFrameworksBuildPhase section */

/* Begin PBXGroup section */
		1619A0B819B4632400299075 = {
			isa = PBXGroup;
			children = (
				1619A0C319B4632400299075 /* 07-变量 */,
				1619A0C219B4632400299075 /* Products */,
			);
			sourceTree = "<group>";
		};
		1619A0C219B4632400299075 /* Products */ = {
			isa = PBXGroup;
			children = (
				1619A0C119B4632400299075 /* 07-变量 */,
			);
			name = Products;
			sourceTree = "<group>";
		};
		1619A0C319B4632400299075 /* 07-变量 */ = {
			isa = PBXGroup;
			children = (
				1619A0C419B4632400299075 /* main.c */,
				1619A0C619B4632400299075 /* _7___.1 */,
			);
			path = "07-变量";
			sourceTree = "<group>";
		};
/* End PBXGroup section */

/* Begin PBXNativeTarget section */
		1619A0C019B4632400299075 /* 07-变量 */ = {
			isa = PBXNativeTarget;
			buildConfigurationList = 1619A0CA19B4632400299075 /* Build configuration list for PBXNativeTarget "07-变量" */;
			buildPhases = (
				1619A0BD19B4632400299075 /* Sources */,
				1619A0BE19B4632400299075 /* Frameworks */,
				1619A0BF19B4632400299075 /* CopyFiles */,
			);
			buildRules = (
			);
			dependencies = (
			);
			name = "07-变量";
			productName = "07-变量";
			productReference = 1619A0C119B4632400299075 /* 07-变量 */;
			productType = "com.apple.product-type.tool";
		};
/* End PBXNativeTarget section */

/* Begin PBXProject section */
		1619A0B919B4632400299075 /* Project object */ = {
			isa = PBXProject;
			attributes = {
				LastUpgradeCheck = 0510;
				ORGANIZATIONNAME = zb737472783;
			};
			buildConfigurationList = 1619A0BC19B4632400299075 /* Build configuration list for PBXProject "07-变量" */;
			compatibilityVersion = "Xcode 3.2";
			developmentRegion = English;
			hasScannedForEncodings = 0;
			knownRegions = (
				en,
			);
			mainGroup = 1619A0B819B4632400299075;
			productRefGroup = 1619A0C219B4632400299075 /* Products */;
			projectDirPath = "";
			projectRoot = "";
			targets = (
				1619A0C019B4632400299075 /* 07-变量 */,
			);
		};
/* End PBXProject section */

/* Begin PBXSourcesBuildPhase section */
		1619A0BD19B4632400299075 /* Sources */ = {
			isa = PBXSourcesBuildPhase;
			buildActionMask = 2147483647;
			files = (
				1619A0C519B4632400299075 /* main.c in Sources */,
			);
			runOnlyForDeploymentPostprocessing = 0;
		};
/* End PBXSourcesBuildPhase section */

/* Begin XCBuildConfiguration section */
		1619A0C819B4632400299075 /* Debug */ = {
			isa = XCBuildConfiguration;
			buildSettings = {
				ALWAYS_SEARCH_USER_PATHS = NO;
				CLANG_CXX_LANGUAGE_STANDARD = "gnu++0x";
				CLANG_CXX_LIBRARY = "libc++";
				CLANG_ENABLE_MODULES = YES;
				CLANG_ENABLE_OBJC_ARC = YES;
				CLANG_WARN_BOOL_CONVERSION = YES;
				CLANG_WARN_CONSTANT_CONVERSION = YES;
				CLANG_WARN_DIRECT_OBJC_ISA_USAGE = YES_ERROR;
				CLANG_WARN_EMPTY_BODY = YES;
				CLANG_WARN_ENUM_CONVERSION = YES;
				CLANG_WARN_INT_CONVERSION = YES;
				CLANG_WARN_OBJC_ROOT_CLASS = YES_ERROR;
				CLANG_WARN__DUPLICATE_METHOD_MATCH = YES;
				COPY_PHASE_STRIP = NO;
				GCC_C_LANGUAGE_STANDARD = gnu99;
				GCC_DYNAMIC_NO_PIC = NO;
				GCC_ENABLE_OBJC_EXCEPTIONS = YES;
				GCC_OPTIMIZATION_LEVEL = 0;
				GCC_PREPROCESSOR_DEFINITIONS = (
					"DEBUG=1",
					"$(inherited)",
				);
				GCC_SYMBOLS_PRIVATE_EXTERN = NO;
				GCC_WARN_64_TO_32_BIT_CONVERSION = YES;
				GCC_WARN_ABOUT_RETURN_TYPE = YES_ERROR;
				GCC_WARN_UNDECLARED_SELECTOR = YES;
				GCC_WARN_UNINITIALIZED_AUTOS = YES_AGGRESSIVE;
				GCC_WARN_UNUSED_FUNCTION = YES;
				GCC_WARN_UNUSED_VARIABLE = YES;
				MACOSX_DEPLOYMENT_TARGET = 10.9;
				ONLY_ACTIVE_ARCH = YES;
				SDKROOT = macosx;
			};
			name = Debug;
		};
		1619A0C919B4632400299075 /* Release */ = {
			isa = XCBuildConfiguration;
			buildSettings = {
				ALWAYS_SEARCH_USER_PATHS = NO;
				CLANG_CXX_LANGUAGE_STANDARD = "gnu++0x";
				CLANG_CXX_LIBRARY = "libc++";
				CLANG_ENABLE_MODULES = YES;
				CLANG_ENABLE_OBJC_ARC = YES;
				CLANG_WARN_BOOL_CONVERSION = YES;
				CLANG_WARN_CONSTANT_CONVERSION = YES;
				CLANG_WARN_DIRECT_OBJC_ISA_USAGE = YES_ERROR;
				CLANG_WARN_EMPTY_BODY = YES;
				CLANG_WARN_ENUM_CONVERSION = YES;
				CLANG_WARN_INT_CONVERSION = YES;
				CLANG_WARN_OBJC_ROOT_CLASS = YES_ERROR;
				CLANG_WARN__DUPLICATE_METHOD_MATCH = YES;
				COPY_PHASE_STRIP = YES;
				DEBUG_INFORMATION_FORMAT = "dwarf-with-dsym";
				ENABLE_NS_ASSERTIONS = NO;
				GCC_C_LANGUAGE_STANDARD = gnu99;
				GCC_ENABLE_OBJC_EXCEPTIONS = YES;
				GCC_WARN_64_TO_32_BIT_CONVERSION = YES;
				GCC_WARN_ABOUT_RETURN_TYPE = YES_ERROR;
				GCC_WARN_UNDECLARED_SELECTOR = YES;
				GCC_WARN_UNINITIALIZED_AUTOS = YES_AGGRESSIVE;
				GCC_WARN_UNUSED_FUNCTION = YES;
				GCC_WARN_UNUSED_VARIABLE = YES;
				MACOSX_DEPLOYMENT_TARGET = 10.9;
				SDKROOT = macosx;
			};
			name = Release;
		};
		1619A0CB19B4632400299075 /* Debug */ = {
			isa = XCBuildConfiguration;
			buildSettings = {
				PRODUCT_NAME = "$(TARGET_NAME)";
			};
			name = Debug;
		};
		1619A0CC19B4632400299075 /* Release */ = {
			isa = XCBuildConfiguration;
			buildSettings = {
				PRODUCT_NAME = "$(TARGET_NAME)";
			};
			name = Release;
		};
/* End XCBuildConfiguration section */

/* Begin XCConfigurationList section */
		1619A0BC19B4632400299075 /* Build configuration list for PBXProject "07-变量" */ = {
			isa = XCConfigurationList;
			buildConfigurations = (
				1619A0C819B4632400299075 /* Debug */,
				1619A0C919B4632400299075 /* Release */,
			);
			defaultConfigurationIsVisible = 0;
			defaultConfigurationName = Release;
		};
		1619A0CA19B4632400299075 /* Build configuration list for PBXNativeTarget "07-变量" */ = {
			isa = XCConfigurationList;
			buildConfigurations = (
				1619A0CB19B4632400299075 /* Debug */,
				1619A0CC19B4632400299075 /* Release */,
			);
			defaultConfigurationIsVisible = 0;
		};
/* End XCConfigurationList section */
	};
	rootObject = 1619A0B919B4632400299075 /* Project object */;
}
