// !$*UTF8*$!
{
	archiveVersion = 1;
	classes = {
	};
	objectVersion = 46;
	objects = {

/* Begin PBXBuildFile section */
		16ABA5A11C11827E00E77B8F /* main.m in Sources */ = {isa = PBXBuildFile; fileRef = 16ABA5A01C11827E00E77B8F /* main.m */; };
		16ABA5A41C11827E00E77B8F /* AppDelegate.m in Sources */ = {isa = PBXBuildFile; fileRef = 16ABA5A31C11827E00E77B8F /* AppDelegate.m */; };
		16ABA5A71C11827E00E77B8F /* ViewController.m in Sources */ = {isa = PBXBuildFile; fileRef = 16ABA5A61C11827E00E77B8F /* ViewController.m */; };
		16ABA5AA1C11827E00E77B8F /* Main.storyboard in Resources */ = {isa = PBXBuildFile; fileRef = 16ABA5A81C11827E00E77B8F /* Main.storyboard */; };
		16ABA5AC1C11827E00E77B8F /* Assets.xcassets in Resources */ = {isa = PBXBuildFile; fileRef = 16ABA5AB1C11827E00E77B8F /* Assets.xcassets */; };
		16ABA5AF1C11827E00E77B8F /* LaunchScreen.storyboard in Resources */ = {isa = PBXBuildFile; fileRef = 16ABA5AD1C11827E00E77B8F /* LaunchScreen.storyboard */; };
		16ABA5BA1C11827E00E77B8F /* NewTableViewTests.m in Sources */ = {isa = PBXBuildFile; fileRef = 16ABA5B91C11827E00E77B8F /* NewTableViewTests.m */; };
		16ABA5C51C11827E00E77B8F /* NewTableViewUITests.m in Sources */ = {isa = PBXBuildFile; fileRef = 16ABA5C41C11827E00E77B8F /* NewTableViewUITests.m */; };
/* End PBXBuildFile section */

/* Begin PBXContainerItemProxy section */
		16ABA5B61C11827E00E77B8F /* PBXContainerItemProxy */ = {
			isa = PBXContainerItemProxy;
			containerPortal = 16ABA5941C11827E00E77B8F /* Project object */;
			proxyType = 1;
			remoteGlobalIDString = 16ABA59B1C11827E00E77B8F;
			remoteInfo = NewTableView;
		};
		16ABA5C11C11827E00E77B8F /* PBXContainerItemProxy */ = {
			isa = PBXContainerItemProxy;
			containerPortal = 16ABA5941C11827E00E77B8F /* Project object */;
			proxyType = 1;
			remoteGlobalIDString = 16ABA59B1C11827E00E77B8F;
			remoteInfo = NewTableView;
		};
/* End PBXContainerItemProxy section */

/* Begin PBXFileReference section */
		16ABA59C1C11827E00E77B8F /* NewTableView.app */ = {isa = PBXFileReference; explicitFileType = wrapper.application; includeInIndex = 0; path = NewTableView.app; sourceTree = BUILT_PRODUCTS_DIR; };
		16ABA5A01C11827E00E77B8F /* main.m */ = {isa = PBXFileReference; lastKnownFileType = sourcecode.c.objc; path = main.m; sourceTree = "<group>"; };
		16ABA5A21C11827E00E77B8F /* AppDelegate.h */ = {isa = PBXFileReference; lastKnownFileType = sourcecode.c.h; path = AppDelegate.h; sourceTree = "<group>"; };
		16ABA5A31C11827E00E77B8F /* AppDelegate.m */ = {isa = PBXFileReference; lastKnownFileType = sourcecode.c.objc; path = AppDelegate.m; sourceTree = "<group>"; };
		16ABA5A51C11827E00E77B8F /* ViewController.h */ = {isa = PBXFileReference; lastKnownFileType = sourcecode.c.h; path = ViewController.h; sourceTree = "<group>"; };
		16ABA5A61C11827E00E77B8F /* ViewController.m */ = {isa = PBXFileReference; lastKnownFileType = sourcecode.c.objc; path = ViewController.m; sourceTree = "<group>"; };
		16ABA5A91C11827E00E77B8F /* Base */ = {isa = PBXFileReference; lastKnownFileType = file.storyboard; name = Base; path = Base.lproj/Main.storyboard; sourceTree = "<group>"; };
		16ABA5AB1C11827E00E77B8F /* Assets.xcassets */ = {isa = PBXFileReference; lastKnownFileType = folder.assetcatalog; path = Assets.xcassets; sourceTree = "<group>"; };
		16ABA5AE1C11827E00E77B8F /* Base */ = {isa = PBXFileReference; lastKnownFileType = file.storyboard; name = Base; path = Base.lproj/LaunchScreen.storyboard; sourceTree = "<group>"; };
		16ABA5B01C11827E00E77B8F /* Info.plist */ = {isa = PBXFileReference; lastKnownFileType = text.plist.xml; path = Info.plist; sourceTree = "<group>"; };
		16ABA5B51C11827E00E77B8F /* NewTableViewTests.xctest */ = {isa = PBXFileReference; explicitFileType = wrapper.cfbundle; includeInIndex = 0; path = NewTableViewTests.xctest; sourceTree = BUILT_PRODUCTS_DIR; };
		16ABA5B91C11827E00E77B8F /* NewTableViewTests.m */ = {isa = PBXFileReference; lastKnownFileType = sourcecode.c.objc; path = NewTableViewTests.m; sourceTree = "<group>"; };
		16ABA5BB1C11827E00E77B8F /* Info.plist */ = {isa = PBXFileReference; lastKnownFileType = text.plist.xml; path = Info.plist; sourceTree = "<group>"; };
		16ABA5C01C11827E00E77B8F /* NewTableViewUITests.xctest */ = {isa = PBXFileReference; explicitFileType = wrapper.cfbundle; includeInIndex = 0; path = NewTableViewUITests.xctest; sourceTree = BUILT_PRODUCTS_DIR; };
		16ABA5C41C11827E00E77B8F /* NewTableViewUITests.m */ = {isa = PBXFileReference; lastKnownFileType = sourcecode.c.objc; path = NewTableViewUITests.m; sourceTree = "<group>"; };
		16ABA5C61C11827E00E77B8F /* Info.plist */ = {isa = PBXFileReference; lastKnownFileType = text.plist.xml; path = Info.plist; sourceTree = "<group>"; };
/* End PBXFileReference section */

/* Begin PBXFrameworksBuildPhase section */
		16ABA5991C11827E00E77B8F /* Frameworks */ = {
			isa = PBXFrameworksBuildPhase;
			buildActionMask = 2147483647;
			files = (
			);
			runOnlyForDeploymentPostprocessing = 0;
		};
		16ABA5B21C11827E00E77B8F /* Frameworks */ = {
			isa = PBXFrameworksBuildPhase;
			buildActionMask = 2147483647;
			files = (
			);
			runOnlyForDeploymentPostprocessing = 0;
		};
		16ABA5BD1C11827E00E77B8F /* Frameworks */ = {
			isa = PBXFrameworksBuildPhase;
			buildActionMask = 2147483647;
			files = (
			);
			runOnlyForDeploymentPostprocessing = 0;
		};
/* End PBXFrameworksBuildPhase section */

/* Begin PBXGroup section */
		16ABA5931C11827E00E77B8F = {
			isa = PBXGroup;
			children = (
				16ABA59E1C11827E00E77B8F /* NewTableView */,
				16ABA5B81C11827E00E77B8F /* NewTableViewTests */,
				16ABA5C31C11827E00E77B8F /* NewTableViewUITests */,
				16ABA59D1C11827E00E77B8F /* Products */,
			);
			sourceTree = "<group>";
		};
		16ABA59D1C11827E00E77B8F /* Products */ = {
			isa = PBXGroup;
			children = (
				16ABA59C1C11827E00E77B8F /* NewTableView.app */,
				16ABA5B51C11827E00E77B8F /* NewTableViewTests.xctest */,
				16ABA5C01C11827E00E77B8F /* NewTableViewUITests.xctest */,
			);
			name = Products;
			sourceTree = "<group>";
		};
		16ABA59E1C11827E00E77B8F /* NewTableView */ = {
			isa = PBXGroup;
			children = (
				16ABA5A21C11827E00E77B8F /* AppDelegate.h */,
				16ABA5A31C11827E00E77B8F /* AppDelegate.m */,
				16ABA5A51C11827E00E77B8F /* ViewController.h */,
				16ABA5A61C11827E00E77B8F /* ViewController.m */,
				16ABA5A81C11827E00E77B8F /* Main.storyboard */,
				16ABA5AB1C11827E00E77B8F /* Assets.xcassets */,
				16ABA5AD1C11827E00E77B8F /* LaunchScreen.storyboard */,
				16ABA5B01C11827E00E77B8F /* Info.plist */,
				16ABA59F1C11827E00E77B8F /* Supporting Files */,
			);
			path = NewTableView;
			sourceTree = "<group>";
		};
		16ABA59F1C11827E00E77B8F /* Supporting Files */ = {
			isa = PBXGroup;
			children = (
				16ABA5A01C11827E00E77B8F /* main.m */,
			);
			name = "Supporting Files";
			sourceTree = "<group>";
		};
		16ABA5B81C11827E00E77B8F /* NewTableViewTests */ = {
			isa = PBXGroup;
			children = (
				16ABA5B91C11827E00E77B8F /* NewTableViewTests.m */,
				16ABA5BB1C11827E00E77B8F /* Info.plist */,
			);
			path = NewTableViewTests;
			sourceTree = "<group>";
		};
		16ABA5C31C11827E00E77B8F /* NewTableViewUITests */ = {
			isa = PBXGroup;
			children = (
				16ABA5C41C11827E00E77B8F /* NewTableViewUITests.m */,
				16ABA5C61C11827E00E77B8F /* Info.plist */,
			);
			path = NewTableViewUITests;
			sourceTree = "<group>";
		};
/* End PBXGroup section */

/* Begin PBXNativeTarget section */
		16ABA59B1C11827E00E77B8F /* NewTableView */ = {
			isa = PBXNativeTarget;
			buildConfigurationList = 16ABA5C91C11827E00E77B8F /* Build configuration list for PBXNativeTarget "NewTableView" */;
			buildPhases = (
				16ABA5981C11827E00E77B8F /* Sources */,
				16ABA5991C11827E00E77B8F /* Frameworks */,
				16ABA59A1C11827E00E77B8F /* Resources */,
			);
			buildRules = (
			);
			dependencies = (
			);
			name = NewTableView;
			productName = NewTableView;
			productReference = 16ABA59C1C11827E00E77B8F /* NewTableView.app */;
			productType = "com.apple.product-type.application";
		};
		16ABA5B41C11827E00E77B8F /* NewTableViewTests */ = {
			isa = PBXNativeTarget;
			buildConfigurationList = 16ABA5CC1C11827E00E77B8F /* Build configuration list for PBXNativeTarget "NewTableViewTests" */;
			buildPhases = (
				16ABA5B11C11827E00E77B8F /* Sources */,
				16ABA5B21C11827E00E77B8F /* Frameworks */,
				16ABA5B31C11827E00E77B8F /* Resources */,
			);
			buildRules = (
			);
			dependencies = (
				16ABA5B71C11827E00E77B8F /* PBXTargetDependency */,
			);
			name = NewTableViewTests;
			productName = NewTableViewTests;
			productReference = 16ABA5B51C11827E00E77B8F /* NewTableViewTests.xctest */;
			productType = "com.apple.product-type.bundle.unit-test";
		};
		16ABA5BF1C11827E00E77B8F /* NewTableViewUITests */ = {
			isa = PBXNativeTarget;
			buildConfigurationList = 16ABA5CF1C11827E00E77B8F /* Build configuration list for PBXNativeTarget "NewTableViewUITests" */;
			buildPhases = (
				16ABA5BC1C11827E00E77B8F /* Sources */,
				16ABA5BD1C11827E00E77B8F /* Frameworks */,
				16ABA5BE1C11827E00E77B8F /* Resources */,
			);
			buildRules = (
			);
			dependencies = (
				16ABA5C21C11827E00E77B8F /* PBXTargetDependency */,
			);
			name = NewTableViewUITests;
			productName = NewTableViewUITests;
			productReference = 16ABA5C01C11827E00E77B8F /* NewTableViewUITests.xctest */;
			productType = "com.apple.product-type.bundle.ui-testing";
		};
/* End PBXNativeTarget section */

/* Begin PBXProject section */
		16ABA5941C11827E00E77B8F /* Project object */ = {
			isa = PBXProject;
			attributes = {
				LastUpgradeCheck = 0710;
				ORGANIZATIONNAME = "星尘";
				TargetAttributes = {
					16ABA59B1C11827E00E77B8F = {
						CreatedOnToolsVersion = 7.1.1;
					};
					16ABA5B41C11827E00E77B8F = {
						CreatedOnToolsVersion = 7.1.1;
						TestTargetID = 16ABA59B1C11827E00E77B8F;
					};
					16ABA5BF1C11827E00E77B8F = {
						CreatedOnToolsVersion = 7.1.1;
						TestTargetID = 16ABA59B1C11827E00E77B8F;
					};
				};
			};
			buildConfigurationList = 16ABA5971C11827E00E77B8F /* Build configuration list for PBXProject "NewTableView" */;
			compatibilityVersion = "Xcode 3.2";
			developmentRegion = English;
			hasScannedForEncodings = 0;
			knownRegions = (
				en,
				Base,
			);
			mainGroup = 16ABA5931C11827E00E77B8F;
			productRefGroup = 16ABA59D1C11827E00E77B8F /* Products */;
			projectDirPath = "";
			projectRoot = "";
			targets = (
				16ABA59B1C11827E00E77B8F /* NewTableView */,
				16ABA5B41C11827E00E77B8F /* NewTableViewTests */,
				16ABA5BF1C11827E00E77B8F /* NewTableViewUITests */,
			);
		};
/* End PBXProject section */

/* Begin PBXResourcesBuildPhase section */
		16ABA59A1C11827E00E77B8F /* Resources */ = {
			isa = PBXResourcesBuildPhase;
			buildActionMask = 2147483647;
			files = (
				16ABA5AF1C11827E00E77B8F /* LaunchScreen.storyboard in Resources */,
				16ABA5AC1C11827E00E77B8F /* Assets.xcassets in Resources */,
				16ABA5AA1C11827E00E77B8F /* Main.storyboard in Resources */,
			);
			runOnlyForDeploymentPostprocessing = 0;
		};
		16ABA5B31C11827E00E77B8F /* Resources */ = {
			isa = PBXResourcesBuildPhase;
			buildActionMask = 2147483647;
			files = (
			);
			runOnlyForDeploymentPostprocessing = 0;
		};
		16ABA5BE1C11827E00E77B8F /* Resources */ = {
			isa = PBXResourcesBuildPhase;
			buildActionMask = 2147483647;
			files = (
			);
			runOnlyForDeploymentPostprocessing = 0;
		};
/* End PBXResourcesBuildPhase section */

/* Begin PBXSourcesBuildPhase section */
		16ABA5981C11827E00E77B8F /* Sources */ = {
			isa = PBXSourcesBuildPhase;
			buildActionMask = 2147483647;
			files = (
				16ABA5A71C11827E00E77B8F /* ViewController.m in Sources */,
				16ABA5A41C11827E00E77B8F /* AppDelegate.m in Sources */,
				16ABA5A11C11827E00E77B8F /* main.m in Sources */,
			);
			runOnlyForDeploymentPostprocessing = 0;
		};
		16ABA5B11C11827E00E77B8F /* Sources */ = {
			isa = PBXSourcesBuildPhase;
			buildActionMask = 2147483647;
			files = (
				16ABA5BA1C11827E00E77B8F /* NewTableViewTests.m in Sources */,
			);
			runOnlyForDeploymentPostprocessing = 0;
		};
		16ABA5BC1C11827E00E77B8F /* Sources */ = {
			isa = PBXSourcesBuildPhase;
			buildActionMask = 2147483647;
			files = (
				16ABA5C51C11827E00E77B8F /* NewTableViewUITests.m in Sources */,
			);
			runOnlyForDeploymentPostprocessing = 0;
		};
/* End PBXSourcesBuildPhase section */

/* Begin PBXTargetDependency section */
		16ABA5B71C11827E00E77B8F /* PBXTargetDependency */ = {
			isa = PBXTargetDependency;
			target = 16ABA59B1C11827E00E77B8F /* NewTableView */;
			targetProxy = 16ABA5B61C11827E00E77B8F /* PBXContainerItemProxy */;
		};
		16ABA5C21C11827E00E77B8F /* PBXTargetDependency */ = {
			isa = PBXTargetDependency;
			target = 16ABA59B1C11827E00E77B8F /* NewTableView */;
			targetProxy = 16ABA5C11C11827E00E77B8F /* PBXContainerItemProxy */;
		};
/* End PBXTargetDependency section */

/* Begin PBXVariantGroup section */
		16ABA5A81C11827E00E77B8F /* Main.storyboard */ = {
			isa = PBXVariantGroup;
			children = (
				16ABA5A91C11827E00E77B8F /* Base */,
			);
			name = Main.storyboard;
			sourceTree = "<group>";
		};
		16ABA5AD1C11827E00E77B8F /* LaunchScreen.storyboard */ = {
			isa = PBXVariantGroup;
			children = (
				16ABA5AE1C11827E00E77B8F /* Base */,
			);
			name = LaunchScreen.storyboard;
			sourceTree = "<group>";
		};
/* End PBXVariantGroup section */

/* Begin XCBuildConfiguration section */
		16ABA5C71C11827E00E77B8F /* Debug */ = {
			isa = XCBuildConfiguration;
			buildSettings = {
				ALWAYS_SEARCH_USER_PATHS = NO;
				CLANG_CXX_LANGUAGE_STANDARD = "gnu++0x";
				CLANG_CXX_LIBRARY = "libc++";
				CLANG_ENABLE_MODULES = YES;
				CLANG_ENABLE_OBJC_ARC = YES;
				CLANG_WARN_BOOL_CONVERSION = YES;
				CLANG_WARN_CONSTANT_CONVERSION = YES;
				CLANG_WARN_DIRECT_OBJC_ISA_USAGE = YES_ERROR;
				CLANG_WARN_EMPTY_BODY = YES;
				CLANG_WARN_ENUM_CONVERSION = YES;
				CLANG_WARN_INT_CONVERSION = YES;
				CLANG_WARN_OBJC_ROOT_CLASS = YES_ERROR;
				CLANG_WARN_UNREACHABLE_CODE = YES;
				CLANG_WARN__DUPLICATE_METHOD_MATCH = YES;
				"CODE_SIGN_IDENTITY[sdk=iphoneos*]" = "iPhone Developer";
				COPY_PHASE_STRIP = NO;
				DEBUG_INFORMATION_FORMAT = dwarf;
				ENABLE_STRICT_OBJC_MSGSEND = YES;
				ENABLE_TESTABILITY = YES;
				GCC_C_LANGUAGE_STANDARD = gnu99;
				GCC_DYNAMIC_NO_PIC = NO;
				GCC_NO_COMMON_BLOCKS = YES;
				GCC_OPTIMIZATION_LEVEL = 0;
				GCC_PREPROCESSOR_DEFINITIONS = (
					"DEBUG=1",
					"$(inherited)",
				);
				GCC_WARN_64_TO_32_BIT_CONVERSION = YES;
				GCC_WARN_ABOUT_RETURN_TYPE = YES_ERROR;
				GCC_WARN_UNDECLARED_SELECTOR = YES;
				GCC_WARN_UNINITIALIZED_AUTOS = YES_AGGRESSIVE;
				GCC_WARN_UNUSED_FUNCTION = YES;
				GCC_WARN_UNUSED_VARIABLE = YES;
				IPHONEOS_DEPLOYMENT_TARGET = 9.1;
				MTL_ENABLE_DEBUG_INFO = YES;
				ONLY_ACTIVE_ARCH = YES;
				SDKROOT = iphoneos;
			};
			name = Debug;
		};
		16ABA5C81C11827E00E77B8F /* Release */ = {
			isa = XCBuildConfiguration;
			buildSettings = {
				ALWAYS_SEARCH_USER_PATHS = NO;
				CLANG_CXX_LANGUAGE_STANDARD = "gnu++0x";
				CLANG_CXX_LIBRARY = "libc++";
				CLANG_ENABLE_MODULES = YES;
				CLANG_ENABLE_OBJC_ARC = YES;
				CLANG_WARN_BOOL_CONVERSION = YES;
				CLANG_WARN_CONSTANT_CONVERSION = YES;
				CLANG_WARN_DIRECT_OBJC_ISA_USAGE = YES_ERROR;
				CLANG_WARN_EMPTY_BODY = YES;
				CLANG_WARN_ENUM_CONVERSION = YES;
				CLANG_WARN_INT_CONVERSION = YES;
				CLANG_WARN_OBJC_ROOT_CLASS = YES_ERROR;
				CLANG_WARN_UNREACHABLE_CODE = YES;
				CLANG_WARN__DUPLICATE_METHOD_MATCH = YES;
				"CODE_SIGN_IDENTITY[sdk=iphoneos*]" = "iPhone Developer";
				COPY_PHASE_STRIP = NO;
				DEBUG_INFORMATION_FORMAT = "dwarf-with-dsym";
				ENABLE_NS_ASSERTIONS = NO;
				ENABLE_STRICT_OBJC_MSGSEND = YES;
				GCC_C_LANGUAGE_STANDARD = gnu99;
				GCC_NO_COMMON_BLOCKS = YES;
				GCC_WARN_64_TO_32_BIT_CONVERSION = YES;
				GCC_WARN_ABOUT_RETURN_TYPE = YES_ERROR;
				GCC_WARN_UNDECLARED_SELECTOR = YES;
				GCC_WARN_UNINITIALIZED_AUTOS = YES_AGGRESSIVE;
				GCC_WARN_UNUSED_FUNCTION = YES;
				GCC_WARN_UNUSED_VARIABLE = YES;
				IPHONEOS_DEPLOYMENT_TARGET = 9.1;
				MTL_ENABLE_DEBUG_INFO = NO;
				SDKROOT = iphoneos;
				VALIDATE_PRODUCT = YES;
			};
			name = Release;
		};
		16ABA5CA1C11827E00E77B8F /* Debug */ = {
			isa = XCBuildConfiguration;
			buildSettings = {
				ASSETCATALOG_COMPILER_APPICON_NAME = AppIcon;
				INFOPLIST_FILE = NewTableView/Info.plist;
				LD_RUNPATH_SEARCH_PATHS = "$(inherited) @executable_path/Frameworks";
				PRODUCT_BUNDLE_IDENTIFIER = zb.zb737472783.NewTableView;
				PRODUCT_NAME = "$(TARGET_NAME)";
			};
			name = Debug;
		};
		16ABA5CB1C11827E00E77B8F /* Release */ = {
			isa = XCBuildConfiguration;
			buildSettings = {
				ASSETCATALOG_COMPILER_APPICON_NAME = AppIcon;
				INFOPLIST_FILE = NewTableView/Info.plist;
				LD_RUNPATH_SEARCH_PATHS = "$(inherited) @executable_path/Frameworks";
				PRODUCT_BUNDLE_IDENTIFIER = zb.zb737472783.NewTableView;
				PRODUCT_NAME = "$(TARGET_NAME)";
			};
			name = Release;
		};
		16ABA5CD1C11827E00E77B8F /* Debug */ = {
			isa = XCBuildConfiguration;
			buildSettings = {
				BUNDLE_LOADER = "$(TEST_HOST)";
				INFOPLIST_FILE = NewTableViewTests/Info.plist;
				LD_RUNPATH_SEARCH_PATHS = "$(inherited) @executable_path/Frameworks @loader_path/Frameworks";
				PRODUCT_BUNDLE_IDENTIFIER = zb.zb737472783.NewTableViewTests;
				PRODUCT_NAME = "$(TARGET_NAME)";
				TEST_HOST = "$(BUILT_PRODUCTS_DIR)/NewTableView.app/NewTableView";
			};
			name = Debug;
		};
		16ABA5CE1C11827E00E77B8F /* Release */ = {
			isa = XCBuildConfiguration;
			buildSettings = {
				BUNDLE_LOADER = "$(TEST_HOST)";
				INFOPLIST_FILE = NewTableViewTests/Info.plist;
				LD_RUNPATH_SEARCH_PATHS = "$(inherited) @executable_path/Frameworks @loader_path/Frameworks";
				PRODUCT_BUNDLE_IDENTIFIER = zb.zb737472783.NewTableViewTests;
				PRODUCT_NAME = "$(TARGET_NAME)";
				TEST_HOST = "$(BUILT_PRODUCTS_DIR)/NewTableView.app/NewTableView";
			};
			name = Release;
		};
		16ABA5D01C11827E00E77B8F /* Debug */ = {
			isa = XCBuildConfiguration;
			buildSettings = {
				INFOPLIST_FILE = NewTableViewUITests/Info.plist;
				LD_RUNPATH_SEARCH_PATHS = "$(inherited) @executable_path/Frameworks @loader_path/Frameworks";
				PRODUCT_BUNDLE_IDENTIFIER = zb.zb737472783.NewTableViewUITests;
				PRODUCT_NAME = "$(TARGET_NAME)";
				TEST_TARGET_NAME = NewTableView;
				USES_XCTRUNNER = YES;
			};
			name = Debug;
		};
		16ABA5D11C11827E00E77B8F /* Release */ = {
			isa = XCBuildConfiguration;
			buildSettings = {
				INFOPLIST_FILE = NewTableViewUITests/Info.plist;
				LD_RUNPATH_SEARCH_PATHS = "$(inherited) @executable_path/Frameworks @loader_path/Frameworks";
				PRODUCT_BUNDLE_IDENTIFIER = zb.zb737472783.NewTableViewUITests;
				PRODUCT_NAME = "$(TARGET_NAME)";
				TEST_TARGET_NAME = NewTableView;
				USES_XCTRUNNER = YES;
			};
			name = Release;
		};
/* End XCBuildConfiguration section */

/* Begin XCConfigurationList section */
		16ABA5971C11827E00E77B8F /* Build configuration list for PBXProject "NewTableView" */ = {
			isa = XCConfigurationList;
			buildConfigurations = (
				16ABA5C71C11827E00E77B8F /* Debug */,
				16ABA5C81C11827E00E77B8F /* Release */,
			);
			defaultConfigurationIsVisible = 0;
			defaultConfigurationName = Release;
		};
		16ABA5C91C11827E00E77B8F /* Build configuration list for PBXNativeTarget "NewTableView" */ = {
			isa = XCConfigurationList;
			buildConfigurations = (
				16ABA5CA1C11827E00E77B8F /* Debug */,
				16ABA5CB1C11827E00E77B8F /* Release */,
			);
			defaultConfigurationIsVisible = 0;
		};
		16ABA5CC1C11827E00E77B8F /* Build configuration list for PBXNativeTarget "NewTableViewTests" */ = {
			isa = XCConfigurationList;
			buildConfigurations = (
				16ABA5CD1C11827E00E77B8F /* Debug */,
				16ABA5CE1C11827E00E77B8F /* Release */,
			);
			defaultConfigurationIsVisible = 0;
		};
		16ABA5CF1C11827E00E77B8F /* Build configuration list for PBXNativeTarget "NewTableViewUITests" */ = {
			isa = XCConfigurationList;
			buildConfigurations = (
				16ABA5D01C11827E00E77B8F /* Debug */,
				16ABA5D11C11827E00E77B8F /* Release */,
			);
			defaultConfigurationIsVisible = 0;
		};
/* End XCConfigurationList section */
	};
	rootObject = 16ABA5941C11827E00E77B8F /* Project object */;
}
